
Microsoft Visual Studio Solution File, Format Version 12.00
# Visual Studio 14
VisualStudioVersion = 14.0.25123.0
MinimumVisualStudioVersion = 10.0.40219.1
Project("{FAE04EC0-301F-11D3-BF4B-00C04F79EFBC}") = "BankKata", "BankKata\BankKata.csproj", "{5AEB51DD-8D56-4F8C-B5B7-30B1EC142F98}"
EndProject
Project("{FAE04EC0-301F-11D3-BF4B-00C04F79EFBC}") = "BankKata.UnitTests", "BankKataTests\BankKata.UnitTests.csproj", "{065E037B-542F-476D-85F5-1B71D51264AF}"
EndProject
Project("{FAE04EC0-301F-11D3-BF4B-00C04F79EFBC}") = "BankKata.AcceptanceTests", "BankKataAcceptanceTests\BankKata.AcceptanceTests.csproj", "{C798043F-319B-4573-BAD1-8428D879E603}"
EndProject
Global
	GlobalSection(SolutionConfigurationPlatforms) = preSolution
		Debug|Any CPU = Debug|Any CPU
		Release|Any CPU = Release|Any CPU
	EndGlobalSection
	GlobalSection(ProjectConfigurationPlatforms) = postSolution
		{5AEB51DD-8D56-4F8C-B5B7-30B1EC142F98}.Debug|Any CPU.ActiveCfg = Debug|Any CPU
		{5AEB51DD-8D56-4F8C-B5B7-30B1EC142F98}.Debug|Any CPU.Build.0 = Debug|Any CPU
		{5AEB51DD-8D56-4F8C-B5B7-30B1EC142F98}.Release|Any CPU.ActiveCfg = Release|Any CPU
		{5AEB51DD-8D56-4F8C-B5B7-30B1EC142F98}.Release|Any CPU.Build.0 = Release|Any CPU
		{065E037B-542F-476D-85F5-1B71D51264AF}.Debug|Any CPU.ActiveCfg = Debug|Any CPU
		{065E037B-542F-476D-85F5-1B71D51264AF}.Debug|Any CPU.Build.0 = Debug|Any CPU
		{065E037B-542F-476D-85F5-1B71D51264AF}.Release|Any CPU.ActiveCfg = Release|Any CPU
		{065E037B-542F-476D-85F5-1B71D51264AF}.Release|Any CPU.Build.0 = Release|Any CPU
		{C798043F-319B-4573-BAD1-8428D879E603}.Debug|Any CPU.ActiveCfg = Debug|Any CPU
		{C798043F-319B-4573-BAD1-8428D879E603}.Debug|Any CPU.Build.0 = Debug|Any CPU
		{C798043F-319B-4573-BAD1-8428D879E603}.Release|Any CPU.ActiveCfg = Release|Any CPU
		{C798043F-319B-4573-BAD1-8428D879E603}.Release|Any CPU.Build.0 = Release|Any CPU
	EndGlobalSection
	GlobalSection(SolutionProperties) = preSolution
		HideSolutionNode = FALSE
	EndGlobalSection
EndGlobal
